
Microsoft Visual Studio Solution File, Format Version 12.00
# Visual Studio Version 17
VisualStudioVersion = 17.14.36221.1 d17.14
MinimumVisualStudioVersion = 10.0.40219.1
Project("{FAE04EC0-301F-11D3-BF4B-00C04F79EFBC}") = "SupplyCMS", "SupplyCMS\SupplyCMS.csproj", "{0CE25587-AA65-4155-A55D-004FC1569D56}"
EndProject
Global
	GlobalSection(SolutionConfigurationPlatforms) = preSolution
		Debug|Any CPU = Debug|Any CPU
		Release|Any CPU = Release|Any CPU
	EndGlobalSection
	GlobalSection(ProjectConfigurationPlatforms) = postSolution
		{0CE25587-AA65-4155-A55D-004FC1569D56}.Debug|Any CPU.ActiveCfg = Debug|Any CPU
		{0CE25587-AA65-4155-A55D-004FC1569D56}.Debug|Any CPU.Build.0 = Debug|Any CPU
		{0CE25587-AA65-4155-A55D-004FC1569D56}.Release|Any CPU.ActiveCfg = Release|Any CPU
		{0CE25587-AA65-4155-A55D-004FC1569D56}.Release|Any CPU.Build.0 = Release|Any CPU
	EndGlobalSection
	GlobalSection(SolutionProperties) = preSolution
		HideSolutionNode = FALSE
	EndGlobalSection
	GlobalSection(ExtensibilityGlobals) = postSolution
		SolutionGuid = {2CBC4876-19A1-4DCD-B0F0-4E204E1EB00A}
	EndGlobalSection
EndGlobal
